// !$*UTF8*$!
{
	archiveVersion = 1;
	classes = {
	};
	objectVersion = 77;
	objects = {

/* Begin PBXBuildFile section */
		E51104702F742F000006CD39 /* TrackSaver/UI/Views/MainView.swift in Sources */ = {isa = PBXBuildFile; fileRef = E51104802F742F000006CD39 /* TrackSaver/UI/Views/MainView.swift */; };
		E51104712F742F000006CD39 /* TrackSaver/UI/Views/SettingsView.swift in Sources */ = {isa = PBXBuildFile; fileRef = E51104812F742F000006CD39 /* TrackSaver/UI/Views/SettingsView.swift */; };
		E51104722F742F000006CD39 /* TrackSaver/UI/Views/WalkthroughView.swift in Sources */ = {isa = PBXBuildFile; fileRef = E51104822F742F000006CD39 /* TrackSaver/UI/Views/WalkthroughView.swift */; };
		E51104732F742F000006CD39 /* TrackSaver/UI/Sheets/PlaylistSheetView.swift in Sources */ = {isa = PBXBuildFile; fileRef = E51104832F742F000006CD39 /* TrackSaver/UI/Sheets/PlaylistSheetView.swift */; };
		E51104742F742F000006CD39 /* TrackSaver/UI/AppBackground.swift in Sources */ = {isa = PBXBuildFile; fileRef = E51104842F742F000006CD39 /* TrackSaver/UI/AppBackground.swift */; };
		E51104752F742F000006CD39 /* TrackSaver/UI/RemoteImage.swift in Sources */ = {isa = PBXBuildFile; fileRef = E51104852F742F000006CD39 /* TrackSaver/UI/RemoteImage.swift */; };
		E51104762F742F000006CD39 /* TrackSaver/UI/StyleKit.swift in Sources */ = {isa = PBXBuildFile; fileRef = E51104862F742F000006CD39 /* TrackSaver/UI/StyleKit.swift */; };
		E51104772F742F000006CD39 /* TrackSaver/Spotify/SpotifyAPI.swift in Sources */ = {isa = PBXBuildFile; fileRef = E51104872F742F000006CD39 /* TrackSaver/Spotify/SpotifyAPI.swift */; };
		E51104782F742F000006CD39 /* TrackSaver/Spotify/SpotifyConfig.swift in Sources */ = {isa = PBXBuildFile; fileRef = E51104882F742F000006CD39 /* TrackSaver/Spotify/SpotifyConfig.swift */; };
		E51104792F742F000006CD39 /* TrackSaver/Spotify/OAuthPKCE.swift in Sources */ = {isa = PBXBuildFile; fileRef = E51104892F742F000006CD39 /* TrackSaver/Spotify/OAuthPKCE.swift */; };
		E511047A2F742F000006CD39 /* TrackSaver/Spotify/SpotifyAuthManager.swift in Sources */ = {isa = PBXBuildFile; fileRef = E511048A2F742F000006CD39 /* TrackSaver/Spotify/SpotifyAuthManager.swift */; };
		E511047B2F742F000006CD39 /* TrackSaver/Storage/SharedDefaults.swift in Sources */ = {isa = PBXBuildFile; fileRef = E511048B2F742F000006CD39 /* TrackSaver/Storage/SharedDefaults.swift */; };
		E511047C2F742F000006CD39 /* TrackSaver/Storage/KeychainStore.swift in Sources */ = {isa = PBXBuildFile; fileRef = E511048C2F742F000006CD39 /* TrackSaver/Storage/KeychainStore.swift */; };
		E511047D2F742F000006CD39 /* TrackSaver/Notifications/NotificationHelper.swift in Sources */ = {isa = PBXBuildFile; fileRef = E511048D2F742F000006CD39 /* TrackSaver/Notifications/NotificationHelper.swift */; };
		E511047E2F742F000006CD39 /* TrackSaver/Actions/TrackSaveService.swift in Sources */ = {isa = PBXBuildFile; fileRef = E511048E2F742F000006CD39 /* TrackSaver/Actions/TrackSaveService.swift */; };
		E51104922F7432000006CD39 /* TrackSaver/Actions/CloudHistorySyncService.swift in Sources */ = {isa = PBXBuildFile; fileRef = E51104932F7432000006CD39 /* TrackSaver/Actions/CloudHistorySyncService.swift */; };
		E57CAE8A2F360A4D00C49A4E /* WidgetKit.framework in Frameworks */ = {isa = PBXBuildFile; fileRef = E57CAE892F360A4D00C49A4E /* WidgetKit.framework */; };
		E57CAE8C2F360A4D00C49A4E /* SwiftUI.framework in Frameworks */ = {isa = PBXBuildFile; fileRef = E57CAE8B2F360A4D00C49A4E /* SwiftUI.framework */; };
		E57CAE9B2F360A4E00C49A4E /* TrackSaverWidgetExtension.appex in Embed Foundation Extensions */ = {isa = PBXBuildFile; fileRef = E57CAE872F360A4D00C49A4E /* TrackSaverWidgetExtension.appex */; settings = {ATTRIBUTES = (RemoveHeadersOnCopy, ); }; };
/* End PBXBuildFile section */

/* Begin PBXContainerItemProxy section */
		E57CAE992F360A4E00C49A4E /* PBXContainerItemProxy */ = {
			isa = PBXContainerItemProxy;
			containerPortal = E57CAE302F360A1200C49A4E /* Project object */;
			proxyType = 1;
			remoteGlobalIDString = E57CAE862F360A4D00C49A4E;
			remoteInfo = TrackSaverWidgetExtension;
		};
/* End PBXContainerItemProxy section */

/* Begin PBXCopyFilesBuildPhase section */
		E57CAEA02F360A4E00C49A4E /* Embed Foundation Extensions */ = {
			isa = PBXCopyFilesBuildPhase;
			buildActionMask = 2147483647;
			dstPath = "";
			dstSubfolderSpec = 13;
			files = (
				E57CAE9B2F360A4E00C49A4E /* TrackSaverWidgetExtension.appex in Embed Foundation Extensions */,
			);
			name = "Embed Foundation Extensions";
			runOnlyForDeploymentPostprocessing = 0;
		};
/* End PBXCopyFilesBuildPhase section */

/* Begin PBXFileReference section */
		E51104612F7423040006CD39 /* TrackSaver For Mac.app */ = {isa = PBXFileReference; explicitFileType = wrapper.application; includeInIndex = 0; path = "TrackSaver For Mac.app"; sourceTree = BUILT_PRODUCTS_DIR; };
		E51104802F742F000006CD39 /* TrackSaver/UI/Views/MainView.swift */ = {isa = PBXFileReference; lastKnownFileType = sourcecode.swift; path = TrackSaver/UI/Views/MainView.swift; sourceTree = "<group>"; };
		E51104812F742F000006CD39 /* TrackSaver/UI/Views/SettingsView.swift */ = {isa = PBXFileReference; lastKnownFileType = sourcecode.swift; path = TrackSaver/UI/Views/SettingsView.swift; sourceTree = "<group>"; };
		E51104822F742F000006CD39 /* TrackSaver/UI/Views/WalkthroughView.swift */ = {isa = PBXFileReference; lastKnownFileType = sourcecode.swift; path = TrackSaver/UI/Views/WalkthroughView.swift; sourceTree = "<group>"; };
		E51104832F742F000006CD39 /* TrackSaver/UI/Sheets/PlaylistSheetView.swift */ = {isa = PBXFileReference; lastKnownFileType = sourcecode.swift; path = TrackSaver/UI/Sheets/PlaylistSheetView.swift; sourceTree = "<group>"; };
		E51104842F742F000006CD39 /* TrackSaver/UI/AppBackground.swift */ = {isa = PBXFileReference; lastKnownFileType = sourcecode.swift; path = TrackSaver/UI/AppBackground.swift; sourceTree = "<group>"; };
		E51104852F742F000006CD39 /* TrackSaver/UI/RemoteImage.swift */ = {isa = PBXFileReference; lastKnownFileType = sourcecode.swift; path = TrackSaver/UI/RemoteImage.swift; sourceTree = "<group>"; };
		E51104862F742F000006CD39 /* TrackSaver/UI/StyleKit.swift */ = {isa = PBXFileReference; lastKnownFileType = sourcecode.swift; path = TrackSaver/UI/StyleKit.swift; sourceTree = "<group>"; };
		E51104872F742F000006CD39 /* TrackSaver/Spotify/SpotifyAPI.swift */ = {isa = PBXFileReference; lastKnownFileType = sourcecode.swift; path = TrackSaver/Spotify/SpotifyAPI.swift; sourceTree = "<group>"; };
		E51104882F742F000006CD39 /* TrackSaver/Spotify/SpotifyConfig.swift */ = {isa = PBXFileReference; lastKnownFileType = sourcecode.swift; path = TrackSaver/Spotify/SpotifyConfig.swift; sourceTree = "<group>"; };
		E51104892F742F000006CD39 /* TrackSaver/Spotify/OAuthPKCE.swift */ = {isa = PBXFileReference; lastKnownFileType = sourcecode.swift; path = TrackSaver/Spotify/OAuthPKCE.swift; sourceTree = "<group>"; };
		E511048A2F742F000006CD39 /* TrackSaver/Spotify/SpotifyAuthManager.swift */ = {isa = PBXFileReference; lastKnownFileType = sourcecode.swift; path = TrackSaver/Spotify/SpotifyAuthManager.swift; sourceTree = "<group>"; };
		E511048B2F742F000006CD39 /* TrackSaver/Storage/SharedDefaults.swift */ = {isa = PBXFileReference; lastKnownFileType = sourcecode.swift; path = TrackSaver/Storage/SharedDefaults.swift; sourceTree = "<group>"; };
		E511048C2F742F000006CD39 /* TrackSaver/Storage/KeychainStore.swift */ = {isa = PBXFileReference; lastKnownFileType = sourcecode.swift; path = TrackSaver/Storage/KeychainStore.swift; sourceTree = "<group>"; };
		E511048D2F742F000006CD39 /* TrackSaver/Notifications/NotificationHelper.swift */ = {isa = PBXFileReference; lastKnownFileType = sourcecode.swift; path = TrackSaver/Notifications/NotificationHelper.swift; sourceTree = "<group>"; };
		E511048E2F742F000006CD39 /* TrackSaver/Actions/TrackSaveService.swift */ = {isa = PBXFileReference; lastKnownFileType = sourcecode.swift; path = TrackSaver/Actions/TrackSaveService.swift; sourceTree = "<group>"; };
		E51104932F7432000006CD39 /* TrackSaver/Actions/CloudHistorySyncService.swift */ = {isa = PBXFileReference; lastKnownFileType = sourcecode.swift; path = TrackSaver/Actions/CloudHistorySyncService.swift; sourceTree = "<group>"; };
		E57CAE382F360A1200C49A4E /* TrackSaver.app */ = {isa = PBXFileReference; explicitFileType = wrapper.application; includeInIndex = 0; path = TrackSaver.app; sourceTree = BUILT_PRODUCTS_DIR; };
		E57CAE872F360A4D00C49A4E /* TrackSaverWidgetExtension.appex */ = {isa = PBXFileReference; explicitFileType = "wrapper.app-extension"; includeInIndex = 0; path = TrackSaverWidgetExtension.appex; sourceTree = BUILT_PRODUCTS_DIR; };
		E57CAE892F360A4D00C49A4E /* WidgetKit.framework */ = {isa = PBXFileReference; lastKnownFileType = wrapper.framework; name = WidgetKit.framework; path = System/Library/Frameworks/WidgetKit.framework; sourceTree = SDKROOT; };
		E57CAE8B2F360A4D00C49A4E /* SwiftUI.framework */ = {isa = PBXFileReference; lastKnownFileType = wrapper.framework; name = SwiftUI.framework; path = System/Library/Frameworks/SwiftUI.framework; sourceTree = SDKROOT; };
/* End PBXFileReference section */

/* Begin PBXFileSystemSynchronizedBuildFileExceptionSet section */
		E51104912F742F000006CD39 /* Exceptions for "TrackSaver For Mac" folder in "TrackSaver For Mac" target */ = {
			isa = PBXFileSystemSynchronizedBuildFileExceptionSet;
			membershipExceptions = (
				Info.plist,
			);
			target = E51104602F7423040006CD39 /* TrackSaver For Mac */;
		};
		E57CAE9C2F360A4E00C49A4E /* Exceptions for "TrackSaverWidget" folder in "TrackSaverWidgetExtension" target */ = {
			isa = PBXFileSystemSynchronizedBuildFileExceptionSet;
			membershipExceptions = (
				Info.plist,
			);
			target = E57CAE862F360A4D00C49A4E /* TrackSaverWidgetExtension */;
		};
		E57CAEAC2F360A9400C49A4E /* Exceptions for "TrackSaver" folder in "TrackSaverWidgetExtension" target */ = {
			isa = PBXFileSystemSynchronizedBuildFileExceptionSet;
			membershipExceptions = (
				Actions/CloudHistorySyncService.swift,
				Intents/SaveCurrentTrackIntent.swift,
				Notifications/NotificationHelper.swift,
				Spotify/SpotifyAPI.swift,
				Spotify/SpotifyConfig.swift,
				Storage/KeychainStore.swift,
				Storage/SharedDefaults.swift,
			);
			target = E57CAE862F360A4D00C49A4E /* TrackSaverWidgetExtension */;
		};
/* End PBXFileSystemSynchronizedBuildFileExceptionSet section */

/* Begin PBXFileSystemSynchronizedRootGroup section */
		E51104622F7423040006CD39 /* TrackSaver For Mac */ = {
			isa = PBXFileSystemSynchronizedRootGroup;
			exceptions = (
				E51104912F742F000006CD39 /* Exceptions for "TrackSaver For Mac" folder in "TrackSaver For Mac" target */,
			);
			path = "TrackSaver For Mac";
			sourceTree = "<group>";
		};
		E57CAE3A2F360A1200C49A4E /* TrackSaver */ = {
			isa = PBXFileSystemSynchronizedRootGroup;
			exceptions = (
				E57CAEAC2F360A9400C49A4E /* Exceptions for "TrackSaver" folder in "TrackSaverWidgetExtension" target */,
			);
			path = TrackSaver;
			sourceTree = "<group>";
		};
		E57CAE8D2F360A4D00C49A4E /* TrackSaverWidget */ = {
			isa = PBXFileSystemSynchronizedRootGroup;
			exceptions = (
				E57CAE9C2F360A4E00C49A4E /* Exceptions for "TrackSaverWidget" folder in "TrackSaverWidgetExtension" target */,
			);
			path = TrackSaverWidget;
			sourceTree = "<group>";
		};
/* End PBXFileSystemSynchronizedRootGroup section */

/* Begin PBXFrameworksBuildPhase section */
		E511045E2F7423040006CD39 /* Frameworks */ = {
			isa = PBXFrameworksBuildPhase;
			buildActionMask = 2147483647;
			files = (
			);
			runOnlyForDeploymentPostprocessing = 0;
		};
		E57CAE352F360A1200C49A4E /* Frameworks */ = {
			isa = PBXFrameworksBuildPhase;
			buildActionMask = 2147483647;
			files = (
			);
			runOnlyForDeploymentPostprocessing = 0;
		};
		E57CAE842F360A4D00C49A4E /* Frameworks */ = {
			isa = PBXFrameworksBuildPhase;
			buildActionMask = 2147483647;
			files = (
				E57CAE8C2F360A4D00C49A4E /* SwiftUI.framework in Frameworks */,
				E57CAE8A2F360A4D00C49A4E /* WidgetKit.framework in Frameworks */,
			);
			runOnlyForDeploymentPostprocessing = 0;
		};
/* End PBXFrameworksBuildPhase section */

/* Begin PBXGroup section */
		E51104902F742F000006CD39 /* Mac Shared Sources */ = {
			isa = PBXGroup;
			children = (
				E51104842F742F000006CD39 /* TrackSaver/UI/AppBackground.swift */,
				E51104852F742F000006CD39 /* TrackSaver/UI/RemoteImage.swift */,
				E51104862F742F000006CD39 /* TrackSaver/UI/StyleKit.swift */,
				E51104832F742F000006CD39 /* TrackSaver/UI/Sheets/PlaylistSheetView.swift */,
				E51104802F742F000006CD39 /* TrackSaver/UI/Views/MainView.swift */,
				E51104812F742F000006CD39 /* TrackSaver/UI/Views/SettingsView.swift */,
				E51104822F742F000006CD39 /* TrackSaver/UI/Views/WalkthroughView.swift */,
				E51104872F742F000006CD39 /* TrackSaver/Spotify/SpotifyAPI.swift */,
				E51104882F742F000006CD39 /* TrackSaver/Spotify/SpotifyConfig.swift */,
				E51104892F742F000006CD39 /* TrackSaver/Spotify/OAuthPKCE.swift */,
				E511048A2F742F000006CD39 /* TrackSaver/Spotify/SpotifyAuthManager.swift */,
				E511048B2F742F000006CD39 /* TrackSaver/Storage/SharedDefaults.swift */,
				E511048C2F742F000006CD39 /* TrackSaver/Storage/KeychainStore.swift */,
				E511048D2F742F000006CD39 /* TrackSaver/Notifications/NotificationHelper.swift */,
				E51104932F7432000006CD39 /* TrackSaver/Actions/CloudHistorySyncService.swift */,
				E511048E2F742F000006CD39 /* TrackSaver/Actions/TrackSaveService.swift */,
			);
			name = "Mac Shared Sources";
			sourceTree = "<group>";
		};
		E57CAE2F2F360A1200C49A4E = {
			isa = PBXGroup;
			children = (
				E57CAE3A2F360A1200C49A4E /* TrackSaver */,
				E57CAE8D2F360A4D00C49A4E /* TrackSaverWidget */,
				E51104622F7423040006CD39 /* TrackSaver For Mac */,
				E51104902F742F000006CD39 /* Mac Shared Sources */,
				E57CAE882F360A4D00C49A4E /* Frameworks */,
				E57CAE392F360A1200C49A4E /* Products */,
			);
			sourceTree = "<group>";
		};
		E57CAE392F360A1200C49A4E /* Products */ = {
			isa = PBXGroup;
			children = (
				E57CAE382F360A1200C49A4E /* TrackSaver.app */,
				E57CAE872F360A4D00C49A4E /* TrackSaverWidgetExtension.appex */,
				E51104612F7423040006CD39 /* TrackSaver For Mac.app */,
			);
			name = Products;
			sourceTree = "<group>";
		};
		E57CAE882F360A4D00C49A4E /* Frameworks */ = {
			isa = PBXGroup;
			children = (
				E57CAE892F360A4D00C49A4E /* WidgetKit.framework */,
				E57CAE8B2F360A4D00C49A4E /* SwiftUI.framework */,
			);
			name = Frameworks;
			sourceTree = "<group>";
		};
/* End PBXGroup section */

/* Begin PBXNativeTarget section */
		E51104602F7423040006CD39 /* TrackSaver For Mac */ = {
			isa = PBXNativeTarget;
			buildConfigurationList = E511046D2F7423040006CD39 /* Build configuration list for PBXNativeTarget "TrackSaver For Mac" */;
			buildPhases = (
				E511045D2F7423040006CD39 /* Sources */,
				E511045E2F7423040006CD39 /* Frameworks */,
				E511045F2F7423040006CD39 /* Resources */,
			);
			buildRules = (
			);
			dependencies = (
			);
			fileSystemSynchronizedGroups = (
				E51104622F7423040006CD39 /* TrackSaver For Mac */,
			);
			name = "TrackSaver For Mac";
			packageProductDependencies = (
			);
			productName = "TrackSaver For Mac";
			productReference = E51104612F7423040006CD39 /* TrackSaver For Mac.app */;
			productType = "com.apple.product-type.application";
		};
		E57CAE372F360A1200C49A4E /* TrackSaver */ = {
			isa = PBXNativeTarget;
			buildConfigurationList = E57CAE432F360A1400C49A4E /* Build configuration list for PBXNativeTarget "TrackSaver" */;
			buildPhases = (
				E57CAE342F360A1200C49A4E /* Sources */,
				E57CAE352F360A1200C49A4E /* Frameworks */,
				E57CAE362F360A1200C49A4E /* Resources */,
				E57CAEA02F360A4E00C49A4E /* Embed Foundation Extensions */,
			);
			buildRules = (
			);
			dependencies = (
				E57CAE9A2F360A4E00C49A4E /* PBXTargetDependency */,
			);
			fileSystemSynchronizedGroups = (
				E57CAE3A2F360A1200C49A4E /* TrackSaver */,
			);
			name = TrackSaver;
			packageProductDependencies = (
			);
			productName = TrackSaver;
			productReference = E57CAE382F360A1200C49A4E /* TrackSaver.app */;
			productType = "com.apple.product-type.application";
		};
		E57CAE862F360A4D00C49A4E /* TrackSaverWidgetExtension */ = {
			isa = PBXNativeTarget;
			buildConfigurationList = E57CAE9D2F360A4E00C49A4E /* Build configuration list for PBXNativeTarget "TrackSaverWidgetExtension" */;
			buildPhases = (
				E57CAE832F360A4D00C49A4E /* Sources */,
				E57CAE842F360A4D00C49A4E /* Frameworks */,
				E57CAE852F360A4D00C49A4E /* Resources */,
			);
			buildRules = (
			);
			dependencies = (
			);
			fileSystemSynchronizedGroups = (
				E57CAE8D2F360A4D00C49A4E /* TrackSaverWidget */,
			);
			name = TrackSaverWidgetExtension;
			packageProductDependencies = (
			);
			productName = TrackSaverWidgetExtension;
			productReference = E57CAE872F360A4D00C49A4E /* TrackSaverWidgetExtension.appex */;
			productType = "com.apple.product-type.app-extension";
		};
/* End PBXNativeTarget section */

/* Begin PBXProject section */
		E57CAE302F360A1200C49A4E /* Project object */ = {
			isa = PBXProject;
			attributes = {
				BuildIndependentTargetsInParallel = 1;
				LastSwiftUpdateCheck = 2630;
				LastUpgradeCheck = 2620;
				TargetAttributes = {
					E51104602F7423040006CD39 = {
						CreatedOnToolsVersion = 26.3;
					};
					E57CAE372F360A1200C49A4E = {
						CreatedOnToolsVersion = 26.2;
					};
					E57CAE862F360A4D00C49A4E = {
						CreatedOnToolsVersion = 26.2;
					};
				};
			};
			buildConfigurationList = E57CAE332F360A1200C49A4E /* Build configuration list for PBXProject "TrackSaver" */;
			developmentRegion = en;
			hasScannedForEncodings = 0;
			knownRegions = (
				en,
				Base,
			);
			mainGroup = E57CAE2F2F360A1200C49A4E;
			minimizedProjectReferenceProxies = 1;
			preferredProjectObjectVersion = 77;
			productRefGroup = E57CAE392F360A1200C49A4E /* Products */;
			projectDirPath = "";
			projectRoot = "";
			targets = (
				E57CAE372F360A1200C49A4E /* TrackSaver */,
				E57CAE862F360A4D00C49A4E /* TrackSaverWidgetExtension */,
				E51104602F7423040006CD39 /* TrackSaver For Mac */,
			);
		};
/* End PBXProject section */

/* Begin PBXResourcesBuildPhase section */
		E511045F2F7423040006CD39 /* Resources */ = {
			isa = PBXResourcesBuildPhase;
			buildActionMask = 2147483647;
			files = (
			);
			runOnlyForDeploymentPostprocessing = 0;
		};
		E57CAE362F360A1200C49A4E /* Resources */ = {
			isa = PBXResourcesBuildPhase;
			buildActionMask = 2147483647;
			files = (
			);
			runOnlyForDeploymentPostprocessing = 0;
		};
		E57CAE852F360A4D00C49A4E /* Resources */ = {
			isa = PBXResourcesBuildPhase;
			buildActionMask = 2147483647;
			files = (
			);
			runOnlyForDeploymentPostprocessing = 0;
		};
/* End PBXResourcesBuildPhase section */

/* Begin PBXSourcesBuildPhase section */
		E511045D2F7423040006CD39 /* Sources */ = {
			isa = PBXSourcesBuildPhase;
			buildActionMask = 2147483647;
			files = (
				E51104742F742F000006CD39 /* TrackSaver/UI/AppBackground.swift in Sources */,
				E51104752F742F000006CD39 /* TrackSaver/UI/RemoteImage.swift in Sources */,
				E51104762F742F000006CD39 /* TrackSaver/UI/StyleKit.swift in Sources */,
				E51104732F742F000006CD39 /* TrackSaver/UI/Sheets/PlaylistSheetView.swift in Sources */,
				E51104702F742F000006CD39 /* TrackSaver/UI/Views/MainView.swift in Sources */,
				E51104712F742F000006CD39 /* TrackSaver/UI/Views/SettingsView.swift in Sources */,
				E51104722F742F000006CD39 /* TrackSaver/UI/Views/WalkthroughView.swift in Sources */,
				E51104772F742F000006CD39 /* TrackSaver/Spotify/SpotifyAPI.swift in Sources */,
				E51104782F742F000006CD39 /* TrackSaver/Spotify/SpotifyConfig.swift in Sources */,
				E51104792F742F000006CD39 /* TrackSaver/Spotify/OAuthPKCE.swift in Sources */,
				E511047A2F742F000006CD39 /* TrackSaver/Spotify/SpotifyAuthManager.swift in Sources */,
				E511047B2F742F000006CD39 /* TrackSaver/Storage/SharedDefaults.swift in Sources */,
				E511047C2F742F000006CD39 /* TrackSaver/Storage/KeychainStore.swift in Sources */,
				E511047D2F742F000006CD39 /* TrackSaver/Notifications/NotificationHelper.swift in Sources */,
				E51104922F7432000006CD39 /* TrackSaver/Actions/CloudHistorySyncService.swift in Sources */,
				E511047E2F742F000006CD39 /* TrackSaver/Actions/TrackSaveService.swift in Sources */,
			);
			runOnlyForDeploymentPostprocessing = 0;
		};
		E57CAE342F360A1200C49A4E /* Sources */ = {
			isa = PBXSourcesBuildPhase;
			buildActionMask = 2147483647;
			files = (
			);
			runOnlyForDeploymentPostprocessing = 0;
		};
		E57CAE832F360A4D00C49A4E /* Sources */ = {
			isa = PBXSourcesBuildPhase;
			buildActionMask = 2147483647;
			files = (
			);
			runOnlyForDeploymentPostprocessing = 0;
		};
/* End PBXSourcesBuildPhase section */

/* Begin PBXTargetDependency section */
		E57CAE9A2F360A4E00C49A4E /* PBXTargetDependency */ = {
			isa = PBXTargetDependency;
			target = E57CAE862F360A4D00C49A4E /* TrackSaverWidgetExtension */;
			targetProxy = E57CAE992F360A4E00C49A4E /* PBXContainerItemProxy */;
		};
/* End PBXTargetDependency section */

/* Begin XCBuildConfiguration section */
		E511046B2F7423040006CD39 /* Debug */ = {
			isa = XCBuildConfiguration;
			buildSettings = {
				ASSETCATALOG_COMPILER_APPICON_NAME = TrackSaver;
				ASSETCATALOG_COMPILER_GLOBAL_ACCENT_COLOR_NAME = AccentColor;
				CODE_SIGN_ENTITLEMENTS = "TrackSaver For Mac/TrackSaver For Mac.entitlements";
				CODE_SIGN_STYLE = Automatic;
				COMBINE_HIDPI_IMAGES = YES;
				CURRENT_PROJECT_VERSION = 1;
				DEVELOPMENT_TEAM = 8W4U9DBYVS;
				ENABLE_APP_SANDBOX = YES;
				ENABLE_HARDENED_RUNTIME = YES;
				ENABLE_PREVIEWS = YES;
				ENABLE_USER_SELECTED_FILES = readonly;
				GENERATE_INFOPLIST_FILE = NO;
				INFOPLIST_FILE = "TrackSaver For Mac/Info.plist";
				INFOPLIST_KEY_CFBundleDisplayName = TrackSaver;
				INFOPLIST_KEY_NSHumanReadableCopyright = "";
				LD_RUNPATH_SEARCH_PATHS = (
					"$(inherited)",
					"@executable_path/../Frameworks",
				);
				MACOSX_DEPLOYMENT_TARGET = 26.4;
				MARKETING_VERSION = 1.1;
				PRODUCT_BUNDLE_IDENTIFIER = DyonisosFergadiotis.TrackSaver;
				PRODUCT_NAME = "$(TARGET_NAME)";
				REGISTER_APP_GROUPS = YES;
				SDKROOT = macosx;
				STRING_CATALOG_GENERATE_SYMBOLS = YES;
				SWIFT_APPROACHABLE_CONCURRENCY = YES;
				SWIFT_DEFAULT_ACTOR_ISOLATION = MainActor;
				SWIFT_EMIT_LOC_STRINGS = YES;
				SWIFT_UPCOMING_FEATURE_MEMBER_IMPORT_VISIBILITY = YES;
				SWIFT_VERSION = 5.0;
			};
			name = Debug;
		};
		E511046C2F7423040006CD39 /* Release */ = {
			isa = XCBuildConfiguration;
			buildSettings = {
				ASSETCATALOG_COMPILER_APPICON_NAME = TrackSaver;
				ASSETCATALOG_COMPILER_GLOBAL_ACCENT_COLOR_NAME = AccentColor;
				CODE_SIGN_ENTITLEMENTS = "TrackSaver For Mac/TrackSaver For Mac.entitlements";
				CODE_SIGN_STYLE = Automatic;
				COMBINE_HIDPI_IMAGES = YES;
				CURRENT_PROJECT_VERSION = 1;
				DEVELOPMENT_TEAM = 8W4U9DBYVS;
				ENABLE_APP_SANDBOX = YES;
				ENABLE_HARDENED_RUNTIME = YES;
				ENABLE_PREVIEWS = YES;
				ENABLE_USER_SELECTED_FILES = readonly;
				GENERATE_INFOPLIST_FILE = NO;
				INFOPLIST_FILE = "TrackSaver For Mac/Info.plist";
				INFOPLIST_KEY_CFBundleDisplayName = TrackSaver;
				INFOPLIST_KEY_NSHumanReadableCopyright = "";
				LD_RUNPATH_SEARCH_PATHS = (
					"$(inherited)",
					"@executable_path/../Frameworks",
				);
				MACOSX_DEPLOYMENT_TARGET = 26.4;
				MARKETING_VERSION = 1.1;
				PRODUCT_BUNDLE_IDENTIFIER = DyonisosFergadiotis.TrackSaver;
				PRODUCT_NAME = "$(TARGET_NAME)";
				REGISTER_APP_GROUPS = YES;
				SDKROOT = macosx;
				STRING_CATALOG_GENERATE_SYMBOLS = YES;
				SWIFT_APPROACHABLE_CONCURRENCY = YES;
				SWIFT_DEFAULT_ACTOR_ISOLATION = MainActor;
				SWIFT_EMIT_LOC_STRINGS = YES;
				SWIFT_UPCOMING_FEATURE_MEMBER_IMPORT_VISIBILITY = YES;
				SWIFT_VERSION = 5.0;
			};
			name = Release;
		};
		E57CAE412F360A1400C49A4E /* Debug */ = {
			isa = XCBuildConfiguration;
			buildSettings = {
				ALWAYS_SEARCH_USER_PATHS = NO;
				ASSETCATALOG_COMPILER_GENERATE_SWIFT_ASSET_SYMBOL_EXTENSIONS = YES;
				CLANG_ANALYZER_NONNULL = YES;
				CLANG_ANALYZER_NUMBER_OBJECT_CONVERSION = YES_AGGRESSIVE;
				CLANG_CXX_LANGUAGE_STANDARD = "gnu++20";
				CLANG_ENABLE_MODULES = YES;
				CLANG_ENABLE_OBJC_ARC = YES;
				CLANG_ENABLE_OBJC_WEAK = YES;
				CLANG_WARN_BLOCK_CAPTURE_AUTORELEASING = YES;
				CLANG_WARN_BOOL_CONVERSION = YES;
				CLANG_WARN_COMMA = YES;
				CLANG_WARN_CONSTANT_CONVERSION = YES;
				CLANG_WARN_DEPRECATED_OBJC_IMPLEMENTATIONS = YES;
				CLANG_WARN_DIRECT_OBJC_ISA_USAGE = YES_ERROR;
				CLANG_WARN_DOCUMENTATION_COMMENTS = YES;
				CLANG_WARN_EMPTY_BODY = YES;
				CLANG_WARN_ENUM_CONVERSION = YES;
				CLANG_WARN_INFINITE_RECURSION = YES;
				CLANG_WARN_INT_CONVERSION = YES;
				CLANG_WARN_NON_LITERAL_NULL_CONVERSION = YES;
				CLANG_WARN_OBJC_IMPLICIT_RETAIN_SELF = YES;
				CLANG_WARN_OBJC_LITERAL_CONVERSION = YES;
				CLANG_WARN_OBJC_ROOT_CLASS = YES_ERROR;
				CLANG_WARN_QUOTED_INCLUDE_IN_FRAMEWORK_HEADER = YES;
				CLANG_WARN_RANGE_LOOP_ANALYSIS = YES;
				CLANG_WARN_STRICT_PROTOTYPES = YES;
				CLANG_WARN_SUSPICIOUS_MOVE = YES;
				CLANG_WARN_UNGUARDED_AVAILABILITY = YES_AGGRESSIVE;
				CLANG_WARN_UNREACHABLE_CODE = YES;
				CLANG_WARN__DUPLICATE_METHOD_MATCH = YES;
				COPY_PHASE_STRIP = NO;
				DEBUG_INFORMATION_FORMAT = dwarf;
				DEVELOPMENT_TEAM = 8W4U9DBYVS;
				ENABLE_STRICT_OBJC_MSGSEND = YES;
				ENABLE_TESTABILITY = YES;
				ENABLE_USER_SCRIPT_SANDBOXING = YES;
				GCC_C_LANGUAGE_STANDARD = gnu17;
				GCC_DYNAMIC_NO_PIC = NO;
				GCC_NO_COMMON_BLOCKS = YES;
				GCC_OPTIMIZATION_LEVEL = 0;
				GCC_PREPROCESSOR_DEFINITIONS = (
					"DEBUG=1",
					"$(inherited)",
				);
				GCC_WARN_64_TO_32_BIT_CONVERSION = YES;
				GCC_WARN_ABOUT_RETURN_TYPE = YES_ERROR;
				GCC_WARN_UNDECLARED_SELECTOR = YES;
				GCC_WARN_UNINITIALIZED_AUTOS = YES_AGGRESSIVE;
				GCC_WARN_UNUSED_FUNCTION = YES;
				GCC_WARN_UNUSED_VARIABLE = YES;
				IPHONEOS_DEPLOYMENT_TARGET = 26.2;
				LOCALIZATION_PREFERS_STRING_CATALOGS = YES;
				MTL_ENABLE_DEBUG_INFO = INCLUDE_SOURCE;
				MTL_FAST_MATH = YES;
				ONLY_ACTIVE_ARCH = YES;
				SDKROOT = iphoneos;
				SWIFT_ACTIVE_COMPILATION_CONDITIONS = "DEBUG $(inherited)";
				SWIFT_OPTIMIZATION_LEVEL = "-Onone";
			};
			name = Debug;
		};
		E57CAE422F360A1400C49A4E /* Release */ = {
			isa = XCBuildConfiguration;
			buildSettings = {
				ALWAYS_SEARCH_USER_PATHS = NO;
				ASSETCATALOG_COMPILER_GENERATE_SWIFT_ASSET_SYMBOL_EXTENSIONS = YES;
				CLANG_ANALYZER_NONNULL = YES;
				CLANG_ANALYZER_NUMBER_OBJECT_CONVERSION = YES_AGGRESSIVE;
				CLANG_CXX_LANGUAGE_STANDARD = "gnu++20";
				CLANG_ENABLE_MODULES = YES;
				CLANG_ENABLE_OBJC_ARC = YES;
				CLANG_ENABLE_OBJC_WEAK = YES;
				CLANG_WARN_BLOCK_CAPTURE_AUTORELEASING = YES;
				CLANG_WARN_BOOL_CONVERSION = YES;
				CLANG_WARN_COMMA = YES;
				CLANG_WARN_CONSTANT_CONVERSION = YES;
				CLANG_WARN_DEPRECATED_OBJC_IMPLEMENTATIONS = YES;
				CLANG_WARN_DIRECT_OBJC_ISA_USAGE = YES_ERROR;
				CLANG_WARN_DOCUMENTATION_COMMENTS = YES;
				CLANG_WARN_EMPTY_BODY = YES;
				CLANG_WARN_ENUM_CONVERSION = YES;
				CLANG_WARN_INFINITE_RECURSION = YES;
				CLANG_WARN_INT_CONVERSION = YES;
				CLANG_WARN_NON_LITERAL_NULL_CONVERSION = YES;
				CLANG_WARN_OBJC_IMPLICIT_RETAIN_SELF = YES;
				CLANG_WARN_OBJC_LITERAL_CONVERSION = YES;
				CLANG_WARN_OBJC_ROOT_CLASS = YES_ERROR;
				CLANG_WARN_QUOTED_INCLUDE_IN_FRAMEWORK_HEADER = YES;
				CLANG_WARN_RANGE_LOOP_ANALYSIS = YES;
				CLANG_WARN_STRICT_PROTOTYPES = YES;
				CLANG_WARN_SUSPICIOUS_MOVE = YES;
				CLANG_WARN_UNGUARDED_AVAILABILITY = YES_AGGRESSIVE;
				CLANG_WARN_UNREACHABLE_CODE = YES;
				CLANG_WARN__DUPLICATE_METHOD_MATCH = YES;
				COPY_PHASE_STRIP = NO;
				DEBUG_INFORMATION_FORMAT = "dwarf-with-dsym";
				DEVELOPMENT_TEAM = 8W4U9DBYVS;
				ENABLE_NS_ASSERTIONS = NO;
				ENABLE_STRICT_OBJC_MSGSEND = YES;
				ENABLE_USER_SCRIPT_SANDBOXING = YES;
				GCC_C_LANGUAGE_STANDARD = gnu17;
				GCC_NO_COMMON_BLOCKS = YES;
				GCC_WARN_64_TO_32_BIT_CONVERSION = YES;
				GCC_WARN_ABOUT_RETURN_TYPE = YES_ERROR;
				GCC_WARN_UNDECLARED_SELECTOR = YES;
				GCC_WARN_UNINITIALIZED_AUTOS = YES_AGGRESSIVE;
				GCC_WARN_UNUSED_FUNCTION = YES;
				GCC_WARN_UNUSED_VARIABLE = YES;
				IPHONEOS_DEPLOYMENT_TARGET = 26.2;
				LOCALIZATION_PREFERS_STRING_CATALOGS = YES;
				MTL_ENABLE_DEBUG_INFO = NO;
				MTL_FAST_MATH = YES;
				SDKROOT = iphoneos;
				SWIFT_COMPILATION_MODE = wholemodule;
				VALIDATE_PRODUCT = YES;
			};
			name = Release;
		};
		E57CAE442F360A1400C49A4E /* Debug */ = {
			isa = XCBuildConfiguration;
			buildSettings = {
				ASSETCATALOG_COMPILER_APPICON_NAME = TrackSaver;
				ASSETCATALOG_COMPILER_GLOBAL_ACCENT_COLOR_NAME = AccentColor;
				CODE_SIGN_ENTITLEMENTS = TrackSaver/TrackSaver.entitlements;
				CODE_SIGN_STYLE = Automatic;
				CURRENT_PROJECT_VERSION = 1;
				DEVELOPMENT_TEAM = 8W4U9DBYVS;
				ENABLE_PREVIEWS = YES;
				GENERATE_INFOPLIST_FILE = YES;
				INFOPLIST_KEY_CFBundleDisplayName = TrackSaver;
				INFOPLIST_KEY_LSApplicationCategoryType = "public.app-category.music";
				INFOPLIST_KEY_UIApplicationSceneManifest_Generation = YES;
				INFOPLIST_KEY_UIApplicationSupportsIndirectInputEvents = YES;
				INFOPLIST_KEY_UILaunchScreen_Generation = YES;
				INFOPLIST_KEY_UISupportedInterfaceOrientations = UIInterfaceOrientationPortrait;
				INFOPLIST_KEY_UISupportedInterfaceOrientations_iPad = "UIInterfaceOrientationLandscapeLeft UIInterfaceOrientationLandscapeRight UIInterfaceOrientationPortrait UIInterfaceOrientationPortraitUpsideDown";
				LD_RUNPATH_SEARCH_PATHS = (
					"$(inherited)",
					"@executable_path/Frameworks",
				);
				MARKETING_VERSION = 1.6;
				PRODUCT_BUNDLE_IDENTIFIER = DyonisosFergadiotis.TrackSaver;
				PRODUCT_NAME = "$(TARGET_NAME)";
				STRING_CATALOG_GENERATE_SYMBOLS = YES;
				SWIFT_APPROACHABLE_CONCURRENCY = YES;
				SWIFT_DEFAULT_ACTOR_ISOLATION = MainActor;
				SWIFT_EMIT_LOC_STRINGS = YES;
				SWIFT_UPCOMING_FEATURE_MEMBER_IMPORT_VISIBILITY = YES;
				SWIFT_VERSION = 5.0;
				TARGETED_DEVICE_FAMILY = "1,2";
			};
			name = Debug;
		};
		E57CAE452F360A1400C49A4E /* Release */ = {
			isa = XCBuildConfiguration;
			buildSettings = {
				ASSETCATALOG_COMPILER_APPICON_NAME = TrackSaver;
				ASSETCATALOG_COMPILER_GLOBAL_ACCENT_COLOR_NAME = AccentColor;
				CODE_SIGN_ENTITLEMENTS = TrackSaver/TrackSaver.entitlements;
				CODE_SIGN_STYLE = Automatic;
				CURRENT_PROJECT_VERSION = 1;
				DEVELOPMENT_TEAM = 8W4U9DBYVS;
				ENABLE_PREVIEWS = YES;
				GENERATE_INFOPLIST_FILE = YES;
				INFOPLIST_KEY_CFBundleDisplayName = TrackSaver;
				INFOPLIST_KEY_LSApplicationCategoryType = "public.app-category.music";
				INFOPLIST_KEY_UIApplicationSceneManifest_Generation = YES;
				INFOPLIST_KEY_UIApplicationSupportsIndirectInputEvents = YES;
				INFOPLIST_KEY_UILaunchScreen_Generation = YES;
				INFOPLIST_KEY_UISupportedInterfaceOrientations = UIInterfaceOrientationPortrait;
				INFOPLIST_KEY_UISupportedInterfaceOrientations_iPad = "UIInterfaceOrientationLandscapeLeft UIInterfaceOrientationLandscapeRight UIInterfaceOrientationPortrait UIInterfaceOrientationPortraitUpsideDown";
				LD_RUNPATH_SEARCH_PATHS = (
					"$(inherited)",
					"@executable_path/Frameworks",
				);
				MARKETING_VERSION = 1.6;
				PRODUCT_BUNDLE_IDENTIFIER = DyonisosFergadiotis.TrackSaver;
				PRODUCT_NAME = "$(TARGET_NAME)";
				STRING_CATALOG_GENERATE_SYMBOLS = YES;
				SWIFT_APPROACHABLE_CONCURRENCY = YES;
				SWIFT_DEFAULT_ACTOR_ISOLATION = MainActor;
				SWIFT_EMIT_LOC_STRINGS = YES;
				SWIFT_UPCOMING_FEATURE_MEMBER_IMPORT_VISIBILITY = YES;
				SWIFT_VERSION = 5.0;
				TARGETED_DEVICE_FAMILY = "1,2";
			};
			name = Release;
		};
		E57CAE9E2F360A4E00C49A4E /* Debug */ = {
			isa = XCBuildConfiguration;
			buildSettings = {
				ASSETCATALOG_COMPILER_GLOBAL_ACCENT_COLOR_NAME = AccentColor;
				ASSETCATALOG_COMPILER_WIDGET_BACKGROUND_COLOR_NAME = WidgetBackground;
				CODE_SIGN_ENTITLEMENTS = TrackSaverWidget/TrackSaverWidget.entitlements;
				CODE_SIGN_STYLE = Automatic;
				CURRENT_PROJECT_VERSION = 1;
				DEVELOPMENT_TEAM = 8W4U9DBYVS;
				GENERATE_INFOPLIST_FILE = YES;
				INFOPLIST_FILE = TrackSaverWidget/Info.plist;
				INFOPLIST_KEY_CFBundleDisplayName = TrackSaverWidget;
				INFOPLIST_KEY_NSHumanReadableCopyright = "";
				LD_RUNPATH_SEARCH_PATHS = (
					"$(inherited)",
					"@executable_path/Frameworks",
					"@executable_path/../../Frameworks",
				);
				MARKETING_VERSION = 1.0;
				PRODUCT_BUNDLE_IDENTIFIER = DyonisosFergadiotis.TrackSaver.TrackSaverWidget;
				PRODUCT_NAME = "$(TARGET_NAME)";
				SKIP_INSTALL = YES;
				STRING_CATALOG_GENERATE_SYMBOLS = YES;
				SWIFT_APPROACHABLE_CONCURRENCY = YES;
				SWIFT_EMIT_LOC_STRINGS = YES;
				SWIFT_UPCOMING_FEATURE_MEMBER_IMPORT_VISIBILITY = YES;
				SWIFT_VERSION = 5.0;
				TARGETED_DEVICE_FAMILY = "1,2";
			};
			name = Debug;
		};
		E57CAE9F2F360A4E00C49A4E /* Release */ = {
			isa = XCBuildConfiguration;
			buildSettings = {
				ASSETCATALOG_COMPILER_GLOBAL_ACCENT_COLOR_NAME = AccentColor;
				ASSETCATALOG_COMPILER_WIDGET_BACKGROUND_COLOR_NAME = WidgetBackground;
				CODE_SIGN_ENTITLEMENTS = TrackSaverWidget/TrackSaverWidget.entitlements;
				CODE_SIGN_STYLE = Automatic;
				CURRENT_PROJECT_VERSION = 1;
				DEVELOPMENT_TEAM = 8W4U9DBYVS;
				GENERATE_INFOPLIST_FILE = YES;
				INFOPLIST_FILE = TrackSaverWidget/Info.plist;
				INFOPLIST_KEY_CFBundleDisplayName = TrackSaverWidget;
				INFOPLIST_KEY_NSHumanReadableCopyright = "";
				LD_RUNPATH_SEARCH_PATHS = (
					"$(inherited)",
					"@executable_path/Frameworks",
					"@executable_path/../../Frameworks",
				);
				MARKETING_VERSION = 1.0;
				PRODUCT_BUNDLE_IDENTIFIER = DyonisosFergadiotis.TrackSaver.TrackSaverWidget;
				PRODUCT_NAME = "$(TARGET_NAME)";
				SKIP_INSTALL = YES;
				STRING_CATALOG_GENERATE_SYMBOLS = YES;
				SWIFT_APPROACHABLE_CONCURRENCY = YES;
				SWIFT_EMIT_LOC_STRINGS = YES;
				SWIFT_UPCOMING_FEATURE_MEMBER_IMPORT_VISIBILITY = YES;
				SWIFT_VERSION = 5.0;
				TARGETED_DEVICE_FAMILY = "1,2";
			};
			name = Release;
		};
/* End XCBuildConfiguration section */

/* Begin XCConfigurationList section */
		E511046D2F7423040006CD39 /* Build configuration list for PBXNativeTarget "TrackSaver For Mac" */ = {
			isa = XCConfigurationList;
			buildConfigurations = (
				E511046B2F7423040006CD39 /* Debug */,
				E511046C2F7423040006CD39 /* Release */,
			);
			defaultConfigurationIsVisible = 0;
			defaultConfigurationName = Release;
		};
		E57CAE332F360A1200C49A4E /* Build configuration list for PBXProject "TrackSaver" */ = {
			isa = XCConfigurationList;
			buildConfigurations = (
				E57CAE412F360A1400C49A4E /* Debug */,
				E57CAE422F360A1400C49A4E /* Release */,
			);
			defaultConfigurationIsVisible = 0;
			defaultConfigurationName = Release;
		};
		E57CAE432F360A1400C49A4E /* Build configuration list for PBXNativeTarget "TrackSaver" */ = {
			isa = XCConfigurationList;
			buildConfigurations = (
				E57CAE442F360A1400C49A4E /* Debug */,
				E57CAE452F360A1400C49A4E /* Release */,
			);
			defaultConfigurationIsVisible = 0;
			defaultConfigurationName = Release;
		};
		E57CAE9D2F360A4E00C49A4E /* Build configuration list for PBXNativeTarget "TrackSaverWidgetExtension" */ = {
			isa = XCConfigurationList;
			buildConfigurations = (
				E57CAE9E2F360A4E00C49A4E /* Debug */,
				E57CAE9F2F360A4E00C49A4E /* Release */,
			);
			defaultConfigurationIsVisible = 0;
			defaultConfigurationName = Release;
		};
/* End XCConfigurationList section */
	};
	rootObject = E57CAE302F360A1200C49A4E /* Project object */;
}
